// !$*UTF8*$!
{
	archiveVersion = 1;
	classes = {
	};
	objectVersion = 46;
	objects = {

/* Begin PBXBuildFile section */
		AB53EC521722D6E80054E4F0 /* UIKit.framework in Frameworks */ = {isa = PBXBuildFile; fileRef = AB53EC511722D6E80054E4F0 /* UIKit.framework */; };
		AB53EC541722D6E80054E4F0 /* Foundation.framework in Frameworks */ = {isa = PBXBuildFile; fileRef = AB53EC531722D6E80054E4F0 /* Foundation.framework */; };
		AB53EC561722D6E80054E4F0 /* CoreGraphics.framework in Frameworks */ = {isa = PBXBuildFile; fileRef = AB53EC551722D6E80054E4F0 /* CoreGraphics.framework */; };
		AB53EC5C1722D6E80054E4F0 /* InfoPlist.strings in Resources */ = {isa = PBXBuildFile; fileRef = AB53EC5A1722D6E80054E4F0 /* InfoPlist.strings */; };
		AB53EC5E1722D6E80054E4F0 /* main.m in Sources */ = {isa = PBXBuildFile; fileRef = AB53EC5D1722D6E80054E4F0 /* main.m */; };
		AB53EC621722D6E80054E4F0 /* AppDelegate.m in Sources */ = {isa = PBXBuildFile; fileRef = AB53EC611722D6E80054E4F0 /* AppDelegate.m */; };
		AB53EC641722D6E80054E4F0 /* Default.png in Resources */ = {isa = PBXBuildFile; fileRef = AB53EC631722D6E80054E4F0 /* Default.png */; };
		AB53EC661722D6E80054E4F0 /* Default@2x.png in Resources */ = {isa = PBXBuildFile; fileRef = AB53EC651722D6E80054E4F0 /* Default@2x.png */; };
		AB53EC681722D6E80054E4F0 /* Default-568h@2x.png in Resources */ = {isa = PBXBuildFile; fileRef = AB53EC671722D6E80054E4F0 /* Default-568h@2x.png */; };
		AB53EC6B1722D6E80054E4F0 /* MainStoryboard.storyboard in Resources */ = {isa = PBXBuildFile; fileRef = AB53EC691722D6E80054E4F0 /* MainStoryboard.storyboard */; };
		AB53EC761722D6E80054E4F0 /* SenTestingKit.framework in Frameworks */ = {isa = PBXBuildFile; fileRef = AB53EC751722D6E80054E4F0 /* SenTestingKit.framework */; };
		AB53EC771722D6E80054E4F0 /* UIKit.framework in Frameworks */ = {isa = PBXBuildFile; fileRef = AB53EC511722D6E80054E4F0 /* UIKit.framework */; };
		AB53EC781722D6E80054E4F0 /* Foundation.framework in Frameworks */ = {isa = PBXBuildFile; fileRef = AB53EC531722D6E80054E4F0 /* Foundation.framework */; };
		AB53EC801722D6E80054E4F0 /* InfoPlist.strings in Resources */ = {isa = PBXBuildFile; fileRef = AB53EC7E1722D6E80054E4F0 /* InfoPlist.strings */; };
		AB53EC831722D6E80054E4F0 /* WiFiToGoTests.m in Sources */ = {isa = PBXBuildFile; fileRef = AB53EC821722D6E80054E4F0 /* WiFiToGoTests.m */; };
		AB53EC8D1722D72B0054E4F0 /* SystemConfiguration.framework in Frameworks */ = {isa = PBXBuildFile; fileRef = AB53EC8C1722D72B0054E4F0 /* SystemConfiguration.framework */; };
		AB53EC901722DA290054E4F0 /* LogsTableViewController.m in Sources */ = {isa = PBXBuildFile; fileRef = AB53EC8F1722DA290054E4F0 /* LogsTableViewController.m */; };
		AB53EC931722DBB40054E4F0 /* AddNewLogViewController.m in Sources */ = {isa = PBXBuildFile; fileRef = AB53EC921722DBB40054E4F0 /* AddNewLogViewController.m */; };
		AB53EC951722DC1E0054E4F0 /* MapKit.framework in Frameworks */ = {isa = PBXBuildFile; fileRef = AB53EC941722DC1E0054E4F0 /* MapKit.framework */; };
		AB53EC981722DD8F0054E4F0 /* icon_sending_white_1.png in Resources */ = {isa = PBXBuildFile; fileRef = AB53EC971722DD8F0054E4F0 /* icon_sending_white_1.png */; };
		AB53EC9A1722DDB80054E4F0 /* newcustomer_picturebutton.png in Resources */ = {isa = PBXBuildFile; fileRef = AB53EC991722DDB80054E4F0 /* newcustomer_picturebutton.png */; };
		AB53EC9D1722E2A50054E4F0 /* extension_connect_ok.png in Resources */ = {isa = PBXBuildFile; fileRef = AB53EC9B1722E2A50054E4F0 /* extension_connect_ok.png */; };
		AB53EC9E1722E2A50054E4F0 /* extension_connect_power.png in Resources */ = {isa = PBXBuildFile; fileRef = AB53EC9C1722E2A50054E4F0 /* extension_connect_power.png */; };
		AB53ECA1172304A80054E4F0 /* WGLog.m in Sources */ = {isa = PBXBuildFile; fileRef = AB53ECA0172304A80054E4F0 /* WGLog.m */; };
		AB53ECA31723059B0054E4F0 /* CoreLocation.framework in Frameworks */ = {isa = PBXBuildFile; fileRef = AB53ECA21723059B0054E4F0 /* CoreLocation.framework */; };
		AB53ECAE1723078B0054E4F0 /* NSDate+ISO8601.m in Sources */ = {isa = PBXBuildFile; fileRef = AB53ECAD1723078B0054E4F0 /* NSDate+ISO8601.m */; };
		AB53ECB0172309F60054E4F0 /* NSData+Base64.m in Sources */ = {isa = PBXBuildFile; fileRef = AB53ECAF172309F60054E4F0 /* NSData+Base64.m */; };
		AB53ECB417230C800054E4F0 /* WGResult.m in Sources */ = {isa = PBXBuildFile; fileRef = AB53ECB317230C800054E4F0 /* WGResult.m */; };
		AB53ECB617230F1D0054E4F0 /* UIImage+UB.m in Sources */ = {isa = PBXBuildFile; fileRef = AB53ECB517230F1D0054E4F0 /* UIImage+UB.m */; };
		AB53ECBA1723337E0054E4F0 /* LogDetailViewController.m in Sources */ = {isa = PBXBuildFile; fileRef = AB53ECB91723337E0054E4F0 /* LogDetailViewController.m */; };
/* End PBXBuildFile section */

/* Begin PBXContainerItemProxy section */
		AB53EC791722D6E80054E4F0 /* PBXContainerItemProxy */ = {
			isa = PBXContainerItemProxy;
			containerPortal = AB53EC461722D6E80054E4F0 /* Project object */;
			proxyType = 1;
			remoteGlobalIDString = AB53EC4D1722D6E80054E4F0;
			remoteInfo = WiFiToGo;
		};
/* End PBXContainerItemProxy section */

/* Begin PBXFileReference section */
		AB53EC4E1722D6E80054E4F0 /* WiFiToGo.app */ = {isa = PBXFileReference; explicitFileType = wrapper.application; includeInIndex = 0; path = WiFiToGo.app; sourceTree = BUILT_PRODUCTS_DIR; };
		AB53EC511722D6E80054E4F0 /* UIKit.framework */ = {isa = PBXFileReference; lastKnownFileType = wrapper.framework; name = UIKit.framework; path = System/Library/Frameworks/UIKit.framework; sourceTree = SDKROOT; };
		AB53EC531722D6E80054E4F0 /* Foundation.framework */ = {isa = PBXFileReference; lastKnownFileType = wrapper.framework; name = Foundation.framework; path = System/Library/Frameworks/Foundation.framework; sourceTree = SDKROOT; };
		AB53EC551722D6E80054E4F0 /* CoreGraphics.framework */ = {isa = PBXFileReference; lastKnownFileType = wrapper.framework; name = CoreGraphics.framework; path = System/Library/Frameworks/CoreGraphics.framework; sourceTree = SDKROOT; };
		AB53EC591722D6E80054E4F0 /* WiFiToGo-Info.plist */ = {isa = PBXFileReference; lastKnownFileType = text.plist.xml; path = "WiFiToGo-Info.plist"; sourceTree = "<group>"; };
		AB53EC5B1722D6E80054E4F0 /* en */ = {isa = PBXFileReference; lastKnownFileType = text.plist.strings; name = en; path = en.lproj/InfoPlist.strings; sourceTree = "<group>"; };
		AB53EC5D1722D6E80054E4F0 /* main.m */ = {isa = PBXFileReference; lastKnownFileType = sourcecode.c.objc; path = main.m; sourceTree = "<group>"; };
		AB53EC5F1722D6E80054E4F0 /* WiFiToGo-Prefix.pch */ = {isa = PBXFileReference; lastKnownFileType = sourcecode.c.h; path = "WiFiToGo-Prefix.pch"; sourceTree = "<group>"; };
		AB53EC601722D6E80054E4F0 /* AppDelegate.h */ = {isa = PBXFileReference; lastKnownFileType = sourcecode.c.h; path = AppDelegate.h; sourceTree = "<group>"; };
		AB53EC611722D6E80054E4F0 /* AppDelegate.m */ = {isa = PBXFileReference; lastKnownFileType = sourcecode.c.objc; path = AppDelegate.m; sourceTree = "<group>"; };
		AB53EC631722D6E80054E4F0 /* Default.png */ = {isa = PBXFileReference; lastKnownFileType = image.png; path = Default.png; sourceTree = "<group>"; };
		AB53EC651722D6E80054E4F0 /* Default@2x.png */ = {isa = PBXFileReference; lastKnownFileType = image.png; path = "Default@2x.png"; sourceTree = "<group>"; };
		AB53EC671722D6E80054E4F0 /* Default-568h@2x.png */ = {isa = PBXFileReference; lastKnownFileType = image.png; path = "Default-568h@2x.png"; sourceTree = "<group>"; };
		AB53EC6A1722D6E80054E4F0 /* en */ = {isa = PBXFileReference; lastKnownFileType = file.storyboard; name = en; path = en.lproj/MainStoryboard.storyboard; sourceTree = "<group>"; };
		AB53EC741722D6E80054E4F0 /* WiFiToGoTests.octest */ = {isa = PBXFileReference; explicitFileType = wrapper.cfbundle; includeInIndex = 0; path = WiFiToGoTests.octest; sourceTree = BUILT_PRODUCTS_DIR; };
		AB53EC751722D6E80054E4F0 /* SenTestingKit.framework */ = {isa = PBXFileReference; lastKnownFileType = wrapper.framework; name = SenTestingKit.framework; path = Library/Frameworks/SenTestingKit.framework; sourceTree = DEVELOPER_DIR; };
		AB53EC7D1722D6E80054E4F0 /* WiFiToGoTests-Info.plist */ = {isa = PBXFileReference; lastKnownFileType = text.plist.xml; path = "WiFiToGoTests-Info.plist"; sourceTree = "<group>"; };
		AB53EC7F1722D6E80054E4F0 /* en */ = {isa = PBXFileReference; lastKnownFileType = text.plist.strings; name = en; path = en.lproj/InfoPlist.strings; sourceTree = "<group>"; };
		AB53EC811722D6E80054E4F0 /* WiFiToGoTests.h */ = {isa = PBXFileReference; lastKnownFileType = sourcecode.c.h; path = WiFiToGoTests.h; sourceTree = "<group>"; };
		AB53EC821722D6E80054E4F0 /* WiFiToGoTests.m */ = {isa = PBXFileReference; lastKnownFileType = sourcecode.c.objc; path = WiFiToGoTests.m; sourceTree = "<group>"; };
		AB53EC8C1722D72B0054E4F0 /* SystemConfiguration.framework */ = {isa = PBXFileReference; lastKnownFileType = wrapper.framework; name = SystemConfiguration.framework; path = System/Library/Frameworks/SystemConfiguration.framework; sourceTree = SDKROOT; };
		AB53EC8E1722DA290054E4F0 /* LogsTableViewController.h */ = {isa = PBXFileReference; fileEncoding = 4; lastKnownFileType = sourcecode.c.h; path = LogsTableViewController.h; sourceTree = "<group>"; };
		AB53EC8F1722DA290054E4F0 /* LogsTableViewController.m */ = {isa = PBXFileReference; fileEncoding = 4; lastKnownFileType = sourcecode.c.objc; path = LogsTableViewController.m; sourceTree = "<group>"; };
		AB53EC911722DBB40054E4F0 /* AddNewLogViewController.h */ = {isa = PBXFileReference; fileEncoding = 4; lastKnownFileType = sourcecode.c.h; path = AddNewLogViewController.h; sourceTree = "<group>"; };
		AB53EC921722DBB40054E4F0 /* AddNewLogViewController.m */ = {isa = PBXFileReference; fileEncoding = 4; lastKnownFileType = sourcecode.c.objc; path = AddNewLogViewController.m; sourceTree = "<group>"; };
		AB53EC941722DC1E0054E4F0 /* MapKit.framework */ = {isa = PBXFileReference; lastKnownFileType = wrapper.framework; name = MapKit.framework; path = System/Library/Frameworks/MapKit.framework; sourceTree = SDKROOT; };
		AB53EC971722DD8F0054E4F0 /* icon_sending_white_1.png */ = {isa = PBXFileReference; lastKnownFileType = image.png; path = icon_sending_white_1.png; sourceTree = "<group>"; };
		AB53EC991722DDB80054E4F0 /* newcustomer_picturebutton.png */ = {isa = PBXFileReference; lastKnownFileType = image.png; path = newcustomer_picturebutton.png; sourceTree = "<group>"; };
		AB53EC9B1722E2A50054E4F0 /* extension_connect_ok.png */ = {isa = PBXFileReference; lastKnownFileType = image.png; path = extension_connect_ok.png; sourceTree = "<group>"; };
		AB53EC9C1722E2A50054E4F0 /* extension_connect_power.png */ = {isa = PBXFileReference; lastKnownFileType = image.png; path = extension_connect_power.png; sourceTree = "<group>"; };
		AB53EC9F172304A80054E4F0 /* WGLog.h */ = {isa = PBXFileReference; fileEncoding = 4; lastKnownFileType = sourcecode.c.h; path = WGLog.h; sourceTree = "<group>"; };
		AB53ECA0172304A80054E4F0 /* WGLog.m */ = {isa = PBXFileReference; fileEncoding = 4; lastKnownFileType = sourcecode.c.objc; path = WGLog.m; sourceTree = "<group>"; };
		AB53ECA21723059B0054E4F0 /* CoreLocation.framework */ = {isa = PBXFileReference; lastKnownFileType = wrapper.framework; name = CoreLocation.framework; path = System/Library/Frameworks/CoreLocation.framework; sourceTree = SDKROOT; };
		AB53ECAC1723078B0054E4F0 /* NSDate+ISO8601.h */ = {isa = PBXFileReference; fileEncoding = 4; lastKnownFileType = sourcecode.c.h; path = "NSDate+ISO8601.h"; sourceTree = "<group>"; };
		AB53ECAD1723078B0054E4F0 /* NSDate+ISO8601.m */ = {isa = PBXFileReference; fileEncoding = 4; lastKnownFileType = sourcecode.c.objc; path = "NSDate+ISO8601.m"; sourceTree = "<group>"; };
		AB53ECAF172309F60054E4F0 /* NSData+Base64.m */ = {isa = PBXFileReference; fileEncoding = 4; lastKnownFileType = sourcecode.c.objc; path = "NSData+Base64.m"; sourceTree = "<group>"; };
		AB53ECB117230A010054E4F0 /* NSData+Base64.h */ = {isa = PBXFileReference; fileEncoding = 4; lastKnownFileType = sourcecode.c.h; path = "NSData+Base64.h"; sourceTree = "<group>"; };
		AB53ECB217230C800054E4F0 /* WGResult.h */ = {isa = PBXFileReference; fileEncoding = 4; lastKnownFileType = sourcecode.c.h; path = WGResult.h; sourceTree = "<group>"; };
		AB53ECB317230C800054E4F0 /* WGResult.m */ = {isa = PBXFileReference; fileEncoding = 4; lastKnownFileType = sourcecode.c.objc; path = WGResult.m; sourceTree = "<group>"; };
		AB53ECB517230F1D0054E4F0 /* UIImage+UB.m */ = {isa = PBXFileReference; fileEncoding = 4; lastKnownFileType = sourcecode.c.objc; path = "UIImage+UB.m"; sourceTree = "<group>"; };
		AB53ECB717230F2B0054E4F0 /* UIImage+UB.h */ = {isa = PBXFileReference; fileEncoding = 4; lastKnownFileType = sourcecode.c.h; path = "UIImage+UB.h"; sourceTree = "<group>"; };
		AB53ECB81723337E0054E4F0 /* LogDetailViewController.h */ = {isa = PBXFileReference; fileEncoding = 4; lastKnownFileType = sourcecode.c.h; path = LogDetailViewController.h; sourceTree = "<group>"; };
		AB53ECB91723337E0054E4F0 /* LogDetailViewController.m */ = {isa = PBXFileReference; fileEncoding = 4; lastKnownFileType = sourcecode.c.objc; path = LogDetailViewController.m; sourceTree = "<group>"; };
/* End PBXFileReference section */

/* Begin PBXFrameworksBuildPhase section */
		AB53EC4B1722D6E80054E4F0 /* Frameworks */ = {
			isa = PBXFrameworksBuildPhase;
			buildActionMask = 2147483647;
			files = (
				AB53ECA31723059B0054E4F0 /* CoreLocation.framework in Frameworks */,
				AB53EC951722DC1E0054E4F0 /* MapKit.framework in Frameworks */,
				AB53EC8D1722D72B0054E4F0 /* SystemConfiguration.framework in Frameworks */,
				AB53EC521722D6E80054E4F0 /* UIKit.framework in Frameworks */,
				AB53EC541722D6E80054E4F0 /* Foundation.framework in Frameworks */,
				AB53EC561722D6E80054E4F0 /* CoreGraphics.framework in Frameworks */,
			);
			runOnlyForDeploymentPostprocessing = 0;
		};
		AB53EC701722D6E80054E4F0 /* Frameworks */ = {
			isa = PBXFrameworksBuildPhase;
			buildActionMask = 2147483647;
			files = (
				AB53EC761722D6E80054E4F0 /* SenTestingKit.framework in Frameworks */,
				AB53EC771722D6E80054E4F0 /* UIKit.framework in Frameworks */,
				AB53EC781722D6E80054E4F0 /* Foundation.framework in Frameworks */,
			);
			runOnlyForDeploymentPostprocessing = 0;
		};
/* End PBXFrameworksBuildPhase section */

/* Begin PBXGroup section */
		AB53EC451722D6E80054E4F0 = {
			isa = PBXGroup;
			children = (
				AB53EC571722D6E80054E4F0 /* WiFiToGo */,
				AB53EC7B1722D6E80054E4F0 /* WiFiToGoTests */,
				AB53EC961722DD760054E4F0 /* Images */,
				AB53EC501722D6E80054E4F0 /* Frameworks */,
				AB53EC4F1722D6E80054E4F0 /* Products */,
			);
			sourceTree = "<group>";
		};
		AB53EC4F1722D6E80054E4F0 /* Products */ = {
			isa = PBXGroup;
			children = (
				AB53EC4E1722D6E80054E4F0 /* WiFiToGo.app */,
				AB53EC741722D6E80054E4F0 /* WiFiToGoTests.octest */,
			);
			name = Products;
			sourceTree = "<group>";
		};
		AB53EC501722D6E80054E4F0 /* Frameworks */ = {
			isa = PBXGroup;
			children = (
				AB53ECA21723059B0054E4F0 /* CoreLocation.framework */,
				AB53EC941722DC1E0054E4F0 /* MapKit.framework */,
				AB53EC8C1722D72B0054E4F0 /* SystemConfiguration.framework */,
				AB53EC511722D6E80054E4F0 /* UIKit.framework */,
				AB53EC531722D6E80054E4F0 /* Foundation.framework */,
				AB53EC551722D6E80054E4F0 /* CoreGraphics.framework */,
				AB53EC751722D6E80054E4F0 /* SenTestingKit.framework */,
			);
			name = Frameworks;
			sourceTree = "<group>";
		};
		AB53EC571722D6E80054E4F0 /* WiFiToGo */ = {
			isa = PBXGroup;
			children = (
				AB53EC601722D6E80054E4F0 /* AppDelegate.h */,
				AB53EC611722D6E80054E4F0 /* AppDelegate.m */,
				AB53EC691722D6E80054E4F0 /* MainStoryboard.storyboard */,
				AB53EC581722D6E80054E4F0 /* Supporting Files */,
				AB53EC8E1722DA290054E4F0 /* LogsTableViewController.h */,
				AB53EC8F1722DA290054E4F0 /* LogsTableViewController.m */,
				AB53EC911722DBB40054E4F0 /* AddNewLogViewController.h */,
				AB53EC921722DBB40054E4F0 /* AddNewLogViewController.m */,
				AB53ECAC1723078B0054E4F0 /* NSDate+ISO8601.h */,
				AB53ECAD1723078B0054E4F0 /* NSDate+ISO8601.m */,
				AB53ECB117230A010054E4F0 /* NSData+Base64.h */,
				AB53ECAF172309F60054E4F0 /* NSData+Base64.m */,
				AB53ECB717230F2B0054E4F0 /* UIImage+UB.h */,
				AB53ECB517230F1D0054E4F0 /* UIImage+UB.m */,
				AB53EC9F172304A80054E4F0 /* WGLog.h */,
				AB53ECA0172304A80054E4F0 /* WGLog.m */,
				AB53ECB217230C800054E4F0 /* WGResult.h */,
				AB53ECB317230C800054E4F0 /* WGResult.m */,
				AB53ECB81723337E0054E4F0 /* LogDetailViewController.h */,
				AB53ECB91723337E0054E4F0 /* LogDetailViewController.m */,
			);
			path = WiFiToGo;
			sourceTree = "<group>";
		};
		AB53EC581722D6E80054E4F0 /* Supporting Files */ = {
			isa = PBXGroup;
			children = (
				AB53EC591722D6E80054E4F0 /* WiFiToGo-Info.plist */,
				AB53EC5A1722D6E80054E4F0 /* InfoPlist.strings */,
				AB53EC5D1722D6E80054E4F0 /* main.m */,
				AB53EC5F1722D6E80054E4F0 /* WiFiToGo-Prefix.pch */,
				AB53EC631722D6E80054E4F0 /* Default.png */,
				AB53EC651722D6E80054E4F0 /* Default@2x.png */,
				AB53EC671722D6E80054E4F0 /* Default-568h@2x.png */,
			);
			name = "Supporting Files";
			sourceTree = "<group>";
		};
		AB53EC7B1722D6E80054E4F0 /* WiFiToGoTests */ = {
			isa = PBXGroup;
			children = (
				AB53EC811722D6E80054E4F0 /* WiFiToGoTests.h */,
				AB53EC821722D6E80054E4F0 /* WiFiToGoTests.m */,
				AB53EC7C1722D6E80054E4F0 /* Supporting Files */,
			);
			path = WiFiToGoTests;
			sourceTree = "<group>";
		};
		AB53EC7C1722D6E80054E4F0 /* Supporting Files */ = {
			isa = PBXGroup;
			children = (
				AB53EC7D1722D6E80054E4F0 /* WiFiToGoTests-Info.plist */,
				AB53EC7E1722D6E80054E4F0 /* InfoPlist.strings */,
			);
			name = "Supporting Files";
			sourceTree = "<group>";
		};
		AB53EC961722DD760054E4F0 /* Images */ = {
			isa = PBXGroup;
			children = (
				AB53EC971722DD8F0054E4F0 /* icon_sending_white_1.png */,
				AB53EC991722DDB80054E4F0 /* newcustomer_picturebutton.png */,
				AB53EC9B1722E2A50054E4F0 /* extension_connect_ok.png */,
				AB53EC9C1722E2A50054E4F0 /* extension_connect_power.png */,
			);
			path = Images;
			sourceTree = "<group>";
		};
/* End PBXGroup section */

/* Begin PBXNativeTarget section */
		AB53EC4D1722D6E80054E4F0 /* WiFiToGo */ = {
			isa = PBXNativeTarget;
			buildConfigurationList = AB53EC861722D6E80054E4F0 /* Build configuration list for PBXNativeTarget "WiFiToGo" */;
			buildPhases = (
				AB53EC4A1722D6E80054E4F0 /* Sources */,
				AB53EC4B1722D6E80054E4F0 /* Frameworks */,
				AB53EC4C1722D6E80054E4F0 /* Resources */,
			);
			buildRules = (
			);
			dependencies = (
			);
			name = WiFiToGo;
			productName = WiFiToGo;
			productReference = AB53EC4E1722D6E80054E4F0 /* WiFiToGo.app */;
			productType = "com.apple.product-type.application";
		};
		AB53EC731722D6E80054E4F0 /* WiFiToGoTests */ = {
			isa = PBXNativeTarget;
			buildConfigurationList = AB53EC891722D6E80054E4F0 /* Build configuration list for PBXNativeTarget "WiFiToGoTests" */;
			buildPhases = (
				AB53EC6F1722D6E80054E4F0 /* Sources */,
				AB53EC701722D6E80054E4F0 /* Frameworks */,
				AB53EC711722D6E80054E4F0 /* Resources */,
				AB53EC721722D6E80054E4F0 /* ShellScript */,
			);
			buildRules = (
			);
			dependencies = (
				AB53EC7A1722D6E80054E4F0 /* PBXTargetDependency */,
			);
			name = WiFiToGoTests;
			productName = WiFiToGoTests;
			productReference = AB53EC741722D6E80054E4F0 /* WiFiToGoTests.octest */;
			productType = "com.apple.product-type.bundle";
		};
/* End PBXNativeTarget section */

/* Begin PBXProject section */
		AB53EC461722D6E80054E4F0 /* Project object */ = {
			isa = PBXProject;
			attributes = {
				LastUpgradeCheck = 0460;
				ORGANIZATIONNAME = "Ubiregi Inc.";
			};
			buildConfigurationList = AB53EC491722D6E80054E4F0 /* Build configuration list for PBXProject "WiFiToGo" */;
			compatibilityVersion = "Xcode 3.2";
			developmentRegion = English;
			hasScannedForEncodings = 0;
			knownRegions = (
				en,
			);
			mainGroup = AB53EC451722D6E80054E4F0;
			productRefGroup = AB53EC4F1722D6E80054E4F0 /* Products */;
			projectDirPath = "";
			projectRoot = "";
			targets = (
				AB53EC4D1722D6E80054E4F0 /* WiFiToGo */,
				AB53EC731722D6E80054E4F0 /* WiFiToGoTests */,
			);
		};
/* End PBXProject section */

/* Begin PBXResourcesBuildPhase section */
		AB53EC4C1722D6E80054E4F0 /* Resources */ = {
			isa = PBXResourcesBuildPhase;
			buildActionMask = 2147483647;
			files = (
				AB53EC5C1722D6E80054E4F0 /* InfoPlist.strings in Resources */,
				AB53EC641722D6E80054E4F0 /* Default.png in Resources */,
				AB53EC661722D6E80054E4F0 /* Default@2x.png in Resources */,
				AB53EC681722D6E80054E4F0 /* Default-568h@2x.png in Resources */,
				AB53EC6B1722D6E80054E4F0 /* MainStoryboard.storyboard in Resources */,
				AB53EC981722DD8F0054E4F0 /* icon_sending_white_1.png in Resources */,
				AB53EC9A1722DDB80054E4F0 /* newcustomer_picturebutton.png in Resources */,
				AB53EC9D1722E2A50054E4F0 /* extension_connect_ok.png in Resources */,
				AB53EC9E1722E2A50054E4F0 /* extension_connect_power.png in Resources */,
			);
			runOnlyForDeploymentPostprocessing = 0;
		};
		AB53EC711722D6E80054E4F0 /* Resources */ = {
			isa = PBXResourcesBuildPhase;
			buildActionMask = 2147483647;
			files = (
				AB53EC801722D6E80054E4F0 /* InfoPlist.strings in Resources */,
			);
			runOnlyForDeploymentPostprocessing = 0;
		};
/* End PBXResourcesBuildPhase section */

/* Begin PBXShellScriptBuildPhase section */
		AB53EC721722D6E80054E4F0 /* ShellScript */ = {
			isa = PBXShellScriptBuildPhase;
			buildActionMask = 2147483647;
			files = (
			);
			inputPaths = (
			);
			outputPaths = (
			);
			runOnlyForDeploymentPostprocessing = 0;
			shellPath = /bin/sh;
			shellScript = "# Run the unit tests in this test bundle.\n\"${SYSTEM_DEVELOPER_DIR}/Tools/RunUnitTests\"\n";
		};
/* End PBXShellScriptBuildPhase section */

/* Begin PBXSourcesBuildPhase section */
		AB53EC4A1722D6E80054E4F0 /* Sources */ = {
			isa = PBXSourcesBuildPhase;
			buildActionMask = 2147483647;
			files = (
				AB53EC5E1722D6E80054E4F0 /* main.m in Sources */,
				AB53EC621722D6E80054E4F0 /* AppDelegate.m in Sources */,
				AB53EC901722DA290054E4F0 /* LogsTableViewController.m in Sources */,
				AB53EC931722DBB40054E4F0 /* AddNewLogViewController.m in Sources */,
				AB53ECA1172304A80054E4F0 /* WGLog.m in Sources */,
				AB53ECAE1723078B0054E4F0 /* NSDate+ISO8601.m in Sources */,
				AB53ECB0172309F60054E4F0 /* NSData+Base64.m in Sources */,
				AB53ECB417230C800054E4F0 /* WGResult.m in Sources */,
				AB53ECB617230F1D0054E4F0 /* UIImage+UB.m in Sources */,
				AB53ECBA1723337E0054E4F0 /* LogDetailViewController.m in Sources */,
			);
			runOnlyForDeploymentPostprocessing = 0;
		};
		AB53EC6F1722D6E80054E4F0 /* Sources */ = {
			isa = PBXSourcesBuildPhase;
			buildActionMask = 2147483647;
			files = (
				AB53EC831722D6E80054E4F0 /* WiFiToGoTests.m in Sources */,
			);
			runOnlyForDeploymentPostprocessing = 0;
		};
/* End PBXSourcesBuildPhase section */

/* Begin PBXTargetDependency section */
		AB53EC7A1722D6E80054E4F0 /* PBXTargetDependency */ = {
			isa = PBXTargetDependency;
			target = AB53EC4D1722D6E80054E4F0 /* WiFiToGo */;
			targetProxy = AB53EC791722D6E80054E4F0 /* PBXContainerItemProxy */;
		};
/* End PBXTargetDependency section */

/* Begin PBXVariantGroup section */
		AB53EC5A1722D6E80054E4F0 /* InfoPlist.strings */ = {
			isa = PBXVariantGroup;
			children = (
				AB53EC5B1722D6E80054E4F0 /* en */,
			);
			name = InfoPlist.strings;
			sourceTree = "<group>";
		};
		AB53EC691722D6E80054E4F0 /* MainStoryboard.storyboard */ = {
			isa = PBXVariantGroup;
			children = (
				AB53EC6A1722D6E80054E4F0 /* en */,
			);
			name = MainStoryboard.storyboard;
			sourceTree = "<group>";
		};
		AB53EC7E1722D6E80054E4F0 /* InfoPlist.strings */ = {
			isa = PBXVariantGroup;
			children = (
				AB53EC7F1722D6E80054E4F0 /* en */,
			);
			name = InfoPlist.strings;
			sourceTree = "<group>";
		};
/* End PBXVariantGroup section */

/* Begin XCBuildConfiguration section */
		AB53EC841722D6E80054E4F0 /* Debug */ = {
			isa = XCBuildConfiguration;
			buildSettings = {
				ALWAYS_SEARCH_USER_PATHS = NO;
				CLANG_CXX_LANGUAGE_STANDARD = "gnu++0x";
				CLANG_CXX_LIBRARY = "libc++";
				CLANG_ENABLE_OBJC_ARC = YES;
				CLANG_WARN_CONSTANT_CONVERSION = YES;
				CLANG_WARN_EMPTY_BODY = YES;
				CLANG_WARN_ENUM_CONVERSION = YES;
				CLANG_WARN_INT_CONVERSION = YES;
				CLANG_WARN__DUPLICATE_METHOD_MATCH = YES;
				"CODE_SIGN_IDENTITY[sdk=iphoneos*]" = "iPhone Developer";
				COPY_PHASE_STRIP = NO;
				GCC_C_LANGUAGE_STANDARD = gnu99;
				GCC_DYNAMIC_NO_PIC = NO;
				GCC_OPTIMIZATION_LEVEL = 0;
				GCC_PREPROCESSOR_DEFINITIONS = (
					"DEBUG=1",
					"$(inherited)",
				);
				GCC_SYMBOLS_PRIVATE_EXTERN = NO;
				GCC_WARN_ABOUT_RETURN_TYPE = YES;
				GCC_WARN_UNINITIALIZED_AUTOS = YES;
				GCC_WARN_UNUSED_VARIABLE = YES;
				IPHONEOS_DEPLOYMENT_TARGET = 6.1;
				ONLY_ACTIVE_ARCH = YES;
				SDKROOT = iphoneos;
			};
			name = Debug;
		};
		AB53EC851722D6E80054E4F0 /* Release */ = {
			isa = XCBuildConfiguration;
			buildSettings = {
				ALWAYS_SEARCH_USER_PATHS = NO;
				CLANG_CXX_LANGUAGE_STANDARD = "gnu++0x";
				CLANG_CXX_LIBRARY = "libc++";
				CLANG_ENABLE_OBJC_ARC = YES;
				CLANG_WARN_CONSTANT_CONVERSION = YES;
				CLANG_WARN_EMPTY_BODY = YES;
				CLANG_WARN_ENUM_CONVERSION = YES;
				CLANG_WARN_INT_CONVERSION = YES;
				CLANG_WARN__DUPLICATE_METHOD_MATCH = YES;
				"CODE_SIGN_IDENTITY[sdk=iphoneos*]" = "iPhone Developer";
				COPY_PHASE_STRIP = YES;
				GCC_C_LANGUAGE_STANDARD = gnu99;
				GCC_WARN_ABOUT_RETURN_TYPE = YES;
				GCC_WARN_UNINITIALIZED_AUTOS = YES;
				GCC_WARN_UNUSED_VARIABLE = YES;
				IPHONEOS_DEPLOYMENT_TARGET = 6.1;
				OTHER_CFLAGS = "-DNS_BLOCK_ASSERTIONS=1";
				SDKROOT = iphoneos;
				VALIDATE_PRODUCT = YES;
			};
			name = Release;
		};
		AB53EC871722D6E80054E4F0 /* Debug */ = {
			isa = XCBuildConfiguration;
			buildSettings = {
				GCC_PRECOMPILE_PREFIX_HEADER = YES;
				GCC_PREFIX_HEADER = "WiFiToGo/WiFiToGo-Prefix.pch";
				INFOPLIST_FILE = "WiFiToGo/WiFiToGo-Info.plist";
				PRODUCT_NAME = "$(TARGET_NAME)";
				WRAPPER_EXTENSION = app;
			};
			name = Debug;
		};
		AB53EC881722D6E80054E4F0 /* Release */ = {
			isa = XCBuildConfiguration;
			buildSettings = {
				GCC_PRECOMPILE_PREFIX_HEADER = YES;
				GCC_PREFIX_HEADER = "WiFiToGo/WiFiToGo-Prefix.pch";
				INFOPLIST_FILE = "WiFiToGo/WiFiToGo-Info.plist";
				PRODUCT_NAME = "$(TARGET_NAME)";
				WRAPPER_EXTENSION = app;
			};
			name = Release;
		};
		AB53EC8A1722D6E80054E4F0 /* Debug */ = {
			isa = XCBuildConfiguration;
			buildSettings = {
				BUNDLE_LOADER = "$(BUILT_PRODUCTS_DIR)/WiFiToGo.app/WiFiToGo";
				FRAMEWORK_SEARCH_PATHS = (
					"\"$(SDKROOT)/Developer/Library/Frameworks\"",
					"\"$(DEVELOPER_LIBRARY_DIR)/Frameworks\"",
				);
				GCC_PRECOMPILE_PREFIX_HEADER = YES;
				GCC_PREFIX_HEADER = "WiFiToGo/WiFiToGo-Prefix.pch";
				INFOPLIST_FILE = "WiFiToGoTests/WiFiToGoTests-Info.plist";
				PRODUCT_NAME = "$(TARGET_NAME)";
				TEST_HOST = "$(BUNDLE_LOADER)";
				WRAPPER_EXTENSION = octest;
			};
			name = Debug;
		};
		AB53EC8B1722D6E80054E4F0 /* Release */ = {
			isa = XCBuildConfiguration;
			buildSettings = {
				BUNDLE_LOADER = "$(BUILT_PRODUCTS_DIR)/WiFiToGo.app/WiFiToGo";
				FRAMEWORK_SEARCH_PATHS = (
					"\"$(SDKROOT)/Developer/Library/Frameworks\"",
					"\"$(DEVELOPER_LIBRARY_DIR)/Frameworks\"",
				);
				GCC_PRECOMPILE_PREFIX_HEADER = YES;
				GCC_PREFIX_HEADER = "WiFiToGo/WiFiToGo-Prefix.pch";
				INFOPLIST_FILE = "WiFiToGoTests/WiFiToGoTests-Info.plist";
				PRODUCT_NAME = "$(TARGET_NAME)";
				TEST_HOST = "$(BUNDLE_LOADER)";
				WRAPPER_EXTENSION = octest;
			};
			name = Release;
		};
/* End XCBuildConfiguration section */

/* Begin XCConfigurationList section */
		AB53EC491722D6E80054E4F0 /* Build configuration list for PBXProject "WiFiToGo" */ = {
			isa = XCConfigurationList;
			buildConfigurations = (
				AB53EC841722D6E80054E4F0 /* Debug */,
				AB53EC851722D6E80054E4F0 /* Release */,
			);
			defaultConfigurationIsVisible = 0;
			defaultConfigurationName = Release;
		};
		AB53EC861722D6E80054E4F0 /* Build configuration list for PBXNativeTarget "WiFiToGo" */ = {
			isa = XCConfigurationList;
			buildConfigurations = (
				AB53EC871722D6E80054E4F0 /* Debug */,
				AB53EC881722D6E80054E4F0 /* Release */,
			);
			defaultConfigurationIsVisible = 0;
		};
		AB53EC891722D6E80054E4F0 /* Build configuration list for PBXNativeTarget "WiFiToGoTests" */ = {
			isa = XCConfigurationList;
			buildConfigurations = (
				AB53EC8A1722D6E80054E4F0 /* Debug */,
				AB53EC8B1722D6E80054E4F0 /* Release */,
			);
			defaultConfigurationIsVisible = 0;
		};
/* End XCConfigurationList section */
	};
	rootObject = AB53EC461722D6E80054E4F0 /* Project object */;
}
